<?xml version="1.0" encoding="utf-8"?>
<Project ToolsVersion="4.0" xmlns="http://schemas.microsoft.com/developer/msbuild/2003">
  <ItemGroup>
    <Filter Include="源文件">
      <UniqueIdentifier>{4FC737F1-C7A5-4376-A066-2A32D752A2FF}</UniqueIdentifier>
      <Extensions>cpp;c;cc;cxx;c++;cppm;ixx;def;odl;idl;hpj;bat;asm;asmx</Extensions>
    </Filter>
    <Filter Include="头文件">
      <UniqueIdentifier>{93995380-89BD-4b04-88EB-625FBE52EBFB}</UniqueIdentifier>
      <Extensions>h;hh;hpp;hxx;h++;hm;inl;inc;ipp;xsd</Extensions>
    </Filter>
    <Filter Include="资源文件">
      <UniqueIdentifier>{67DA6AB6-F800-4c08-8B7A-83BB121AAD01}</UniqueIdentifier>
      <Extensions>rc;ico;cur;bmp;dlg;rc2;rct;bin;rgs;gif;jpg;jpeg;jpe;resx;tiff;tif;png;wav;mfcribbon-ms</Extensions>
    </Filter>
    <Filter Include="Recorder">
      <UniqueIdentifier>{17d62f25-ed26-45f8-8442-89020adcff38}</UniqueIdentifier>
    </Filter>
  </ItemGroup>
  <ItemGroup>
    <ClCompile Include="main.cpp">
      <Filter>源文件</Filter>
    </ClCompile>
    <ClCompile Include="RecordTest.cpp">
      <Filter>Recorder</Filter>
    </ClCompile>
    <ClCompile Include="AudioRecorder.cpp">
      <Filter>Recorder</Filter>
    </ClCompile>
    <ClCompile Include="AVFrame.cpp">
      <Filter>源文件</Filter>
    </ClCompile>
    <ClCompile Include="AudioDecoder.cpp">
      <Filter>源文件</Filter>
    </ClCompile>
    <ClCompile Include="Demultiplexer.cpp">
      <Filter>源文件</Filter>
    </ClCompile>
    <ClCompile Include="Transcode.cpp">
      <Filter>源文件</Filter>
    </ClCompile>
    <ClCompile Include="VideoDecoder.cpp">
      <Filter>源文件</Filter>
    </ClCompile>
    <ClCompile Include="VideoEncoder.cpp">
      <Filter>源文件</Filter>
    </ClCompile>
    <ClCompile Include="Remultiplexer.cpp">
      <Filter>源文件</Filter>
    </ClCompile>
    <ClCompile Include="AudioEncoder.cpp">
      <Filter>源文件</Filter>
    </ClCompile>
    <ClCompile Include="Screen\ScreenRecoder.cpp">
      <Filter>源文件</Filter>
    </ClCompile>
    <ClCompile Include="Screen\CScreenDXGI.cpp">
      <Filter>源文件</Filter>
    </ClCompile>
    <ClCompile Include="Screen\CScreenGDI.cpp">
      <Filter>源文件</Filter>
    </ClCompile>
    <ClCompile Include="VideoRecorder.cpp">
      <Filter>Recorder</Filter>
    </ClCompile>
    <ClCompile Include="Screen\ScreenFFmpeg.cpp">
      <Filter>源文件</Filter>
    </ClCompile>
  </ItemGroup>
  <ItemGroup>
    <ClInclude Include="Common.h">
      <Filter>头文件</Filter>
    </ClInclude>
    <ClInclude Include="AudioRecorder.h">
      <Filter>Recorder</Filter>
    </ClInclude>
    <ClInclude Include="RecordTest.h">
      <Filter>Recorder</Filter>
    </ClInclude>
    <ClInclude Include="AVFrame.h">
      <Filter>头文件</Filter>
    </ClInclude>
    <ClInclude Include="AudioDecoder.h">
      <Filter>头文件</Filter>
    </ClInclude>
    <ClInclude Include="Demultiplexer.h">
      <Filter>头文件</Filter>
    </ClInclude>
    <ClInclude Include="Transcode.h">
      <Filter>头文件</Filter>
    </ClInclude>
    <ClInclude Include="SafeQueue.h">
      <Filter>头文件</Filter>
    </ClInclude>
    <ClInclude Include="VideoDecoder.h">
      <Filter>头文件</Filter>
    </ClInclude>
    <ClInclude Include="VideoEncoder.h">
      <Filter>头文件</Filter>
    </ClInclude>
    <ClInclude Include="Remultiplexer.h">
      <Filter>头文件</Filter>
    </ClInclude>
    <ClInclude Include="AudioEncoder.h">
      <Filter>头文件</Filter>
    </ClInclude>
    <ClInclude Include="Screen\ScreenRecoder.h">
      <Filter>头文件</Filter>
    </ClInclude>
    <ClInclude Include="Screen\CScreenDXGI.h">
      <Filter>头文件</Filter>
    </ClInclude>
    <ClInclude Include="Screen\CScreenGDI.h">
      <Filter>头文件</Filter>
    </ClInclude>
    <ClInclude Include="VideoRecorder.h">
      <Filter>Recorder</Filter>
    </ClInclude>
    <ClInclude Include="Screen\ScreenFFmpeg.h">
      <Filter>头文件</Filter>
    </ClInclude>
  </ItemGroup>
</Project>