<?xml version="1.0" encoding="utf-8"?>
<Project ToolsVersion="4.0" xmlns="http://schemas.microsoft.com/developer/msbuild/2003">
  <ItemGroup>
    <Filter Include="Source Files">
      <UniqueIdentifier>{4FC737F1-C7A5-4376-A066-2A32D752A2FF}</UniqueIdentifier>
      <Extensions>cpp;c;cc;cxx;def;odl;idl;hpj;bat;asm;asmx</Extensions>
    </Filter>
    <Filter Include="Header Files">
      <UniqueIdentifier>{93995380-89BD-4b04-88EB-625FBE52EBFB}</UniqueIdentifier>
      <Extensions>h;hh;hpp;hxx;hm;inl;inc;xsd</Extensions>
    </Filter>
    <Filter Include="Resource Files">
      <UniqueIdentifier>{67DA6AB6-F800-4c08-8B7A-83BB121AAD01}</UniqueIdentifier>
      <Extensions>qrc;rc;ico;cur;bmp;dlg;rc2;rct;bin;rgs;gif;jpg;jpeg;jpe;resx;tiff;tif;png;wav;mfcribbon-ms</Extensions>
    </Filter>
    <Filter Include="Form Files">
      <UniqueIdentifier>{99349809-55BA-4b9d-BF79-8FDBB0286EB3}</UniqueIdentifier>
      <Extensions>ui</Extensions>
    </Filter>
    <Filter Include="Translation Files">
      <UniqueIdentifier>{639EADAA-A684-42e4-A9AD-28FC9BCB8F7C}</UniqueIdentifier>
      <Extensions>ts</Extensions>
    </Filter>
    <Filter Include="capture">
      <UniqueIdentifier>{46f9104b-822f-4507-8dbc-73871e442811}</UniqueIdentifier>
    </Filter>
    <Filter Include="Composition">
      <UniqueIdentifier>{bd7b2baf-419c-4af5-8a36-c77c3172a8d7}</UniqueIdentifier>
    </Filter>
  </ItemGroup>
  <ItemGroup>
    <QtRcc Include="avtools.qrc">
      <Filter>Resource Files</Filter>
    </QtRcc>
  </ItemGroup>
  <ItemGroup>
    <ClCompile Include="main.cpp">
      <Filter>Source Files</Filter>
    </ClCompile>
    <ClCompile Include="AVMainWnd.cpp">
      <Filter>Source Files</Filter>
    </ClCompile>
    <ClCompile Include="capture\CRecorder.cpp">
      <Filter>capture</Filter>
    </ClCompile>
    <ClCompile Include="capture\hlcapture.cpp">
      <Filter>capture</Filter>
    </ClCompile>
    <ClCompile Include="capture\CaptureViewWidget.cpp">
      <Filter>capture</Filter>
    </ClCompile>
    <ClCompile Include="capture\CapVideo.cpp">
      <Filter>capture</Filter>
    </ClCompile>
    <ClCompile Include="capture\CapAudio.cpp">
      <Filter>capture</Filter>
    </ClCompile>
    <ClCompile Include="Composition\CompositeView.cpp">
      <Filter>Composition</Filter>
    </ClCompile>
    <ClCompile Include="Composition\Composite.cpp">
      <Filter>Composition</Filter>
    </ClCompile>
    <ClCompile Include="Composition\CompositeVideo.cpp">
      <Filter>Composition</Filter>
    </ClCompile>
    <ClCompile Include="VideoDecoder.cpp">
      <Filter>Source Files</Filter>
    </ClCompile>
    <ClCompile Include="Composition\CompositeAudio.cpp">
      <Filter>Composition</Filter>
    </ClCompile>
    <ClCompile Include="Demultiplexer.cpp">
      <Filter>Source Files</Filter>
    </ClCompile>
    <ClCompile Include="FilterVideo.cpp">
      <Filter>Source Files</Filter>
    </ClCompile>
    <ClCompile Include="Composition\AVTextureBar.cpp">
      <Filter>Composition</Filter>
    </ClCompile>
  </ItemGroup>
  <ItemGroup>
    <ClInclude Include="Common.h">
      <Filter>Header Files</Filter>
    </ClInclude>
    <ClInclude Include="capture\CRecorder.h">
      <Filter>capture</Filter>
    </ClInclude>
    <ClInclude Include="capture\CapVideo.h">
      <Filter>capture</Filter>
    </ClInclude>
    <ClInclude Include="capture\CapAudio.h">
      <Filter>capture</Filter>
    </ClInclude>
    <ClInclude Include="Composition\Composite.h">
      <Filter>Composition</Filter>
    </ClInclude>
    <ClInclude Include="Composition\CompositeVideo.h">
      <Filter>Composition</Filter>
    </ClInclude>
    <ClInclude Include="VideoDecoder.h">
      <Filter>Header Files</Filter>
    </ClInclude>
    <ClInclude Include="Composition\CompositeAudio.h">
      <Filter>Composition</Filter>
    </ClInclude>
    <ClInclude Include="Demultiplexer.h">
      <Filter>Header Files</Filter>
    </ClInclude>
    <ClInclude Include="SafeQueue.h">
      <Filter>Header Files</Filter>
    </ClInclude>
    <ClInclude Include="FilterVideo.h">
      <Filter>Header Files</Filter>
    </ClInclude>
  </ItemGroup>
  <ItemGroup>
    <QtMoc Include="AVMainWnd.h">
      <Filter>Header Files</Filter>
    </QtMoc>
    <QtMoc Include="capture\hlcapture.h">
      <Filter>capture</Filter>
    </QtMoc>
    <QtMoc Include="capture\CaptureViewWidget.h">
      <Filter>capture</Filter>
    </QtMoc>
    <QtMoc Include="Composition\CompositeView.h">
      <Filter>Composition</Filter>
    </QtMoc>
    <QtMoc Include="Composition\AVTextureBar.h">
      <Filter>Composition</Filter>
    </QtMoc>
  </ItemGroup>
  <ItemGroup>
    <QtUic Include="AVMainWnd.ui">
      <Filter>Form Files</Filter>
    </QtUic>
    <QtUic Include="capture\hlcapture.ui">
      <Filter>capture</Filter>
    </QtUic>
    <QtUic Include="Composition\CompositeView.ui">
      <Filter>Composition</Filter>
    </QtUic>
  </ItemGroup>
</Project>