<?xml version="1.0" encoding="utf-8"?>
<Project ToolsVersion="4.0" xmlns="http://schemas.microsoft.com/developer/msbuild/2003">
  <ItemGroup>
    <Filter Include="Source Files">
      <UniqueIdentifier>{4FC737F1-C7A5-4376-A066-2A32D752A2FF}</UniqueIdentifier>
      <Extensions>cpp;c;cc;cxx;def;odl;idl;hpj;bat;asm;asmx</Extensions>
    </Filter>
    <Filter Include="Header Files">
      <UniqueIdentifier>{93995380-89BD-4b04-88EB-625FBE52EBFB}</UniqueIdentifier>
      <Extensions>h;hh;hpp;hxx;hm;inl;inc;xsd</Extensions>
    </Filter>
    <Filter Include="Resource Files">
      <UniqueIdentifier>{67DA6AB6-F800-4c08-8B7A-83BB121AAD01}</UniqueIdentifier>
      <Extensions>qrc;rc;ico;cur;bmp;dlg;rc2;rct;bin;rgs;gif;jpg;jpeg;jpe;resx;tiff;tif;png;wav;mfcribbon-ms</Extensions>
    </Filter>
    <Filter Include="Form Files">
      <UniqueIdentifier>{99349809-55BA-4b9d-BF79-8FDBB0286EB3}</UniqueIdentifier>
      <Extensions>ui</Extensions>
    </Filter>
    <Filter Include="Translation Files">
      <UniqueIdentifier>{639EADAA-A684-42e4-A9AD-28FC9BCB8F7C}</UniqueIdentifier>
      <Extensions>ts</Extensions>
    </Filter>
    <Filter Include="capture">
      <UniqueIdentifier>{46f9104b-822f-4507-8dbc-73871e442811}</UniqueIdentifier>
    </Filter>
    <Filter Include="Composition">
      <UniqueIdentifier>{bd7b2baf-419c-4af5-8a36-c77c3172a8d7}</UniqueIdentifier>
    </Filter>
    <Filter Include="Conversion">
      <UniqueIdentifier>{ed23ba18-17d9-4f32-8b5b-fe95470e8ce4}</UniqueIdentifier>
    </Filter>
    <Filter Include="解复用器">
      <UniqueIdentifier>{2ec6fae7-dd1a-4676-a59e-50ff895739d6}</UniqueIdentifier>
    </Filter>
    <Filter Include="重封装复用器">
      <UniqueIdentifier>{d63c6b5a-1be4-4837-8cc7-813e8b803c94}</UniqueIdentifier>
    </Filter>
    <Filter Include="音频解码">
      <UniqueIdentifier>{ece7f3da-0c7f-4749-8071-8b0e7abe42c8}</UniqueIdentifier>
    </Filter>
    <Filter Include="音频编码">
      <UniqueIdentifier>{fde98fe6-5d18-4e05-a73f-74fba6f2f76c}</UniqueIdentifier>
    </Filter>
    <Filter Include="图像编码">
      <UniqueIdentifier>{0f639671-b6ca-4c60-8af4-d9c5e0146bf6}</UniqueIdentifier>
    </Filter>
    <Filter Include="图像解码">
      <UniqueIdentifier>{2b384269-2716-42bd-85b6-f06e51964d87}</UniqueIdentifier>
    </Filter>
    <Filter Include="视频滤镜">
      <UniqueIdentifier>{9917ae4a-c3ce-4d78-9b0a-10141e2bc03b}</UniqueIdentifier>
    </Filter>
  </ItemGroup>
  <ItemGroup>
    <QtRcc Include="avtools.qrc">
      <Filter>Resource Files</Filter>
    </QtRcc>
  </ItemGroup>
  <ItemGroup>
    <ClCompile Include="main.cpp">
      <Filter>Source Files</Filter>
    </ClCompile>
    <ClCompile Include="AVMainWnd.cpp">
      <Filter>Source Files</Filter>
    </ClCompile>
    <ClCompile Include="capture\CRecoder.cpp">
      <Filter>capture</Filter>
    </ClCompile>
    <ClCompile Include="capture\hlcapture.cpp">
      <Filter>capture</Filter>
    </ClCompile>
    <ClCompile Include="capture\CaptureViewWidget.cpp">
      <Filter>capture</Filter>
    </ClCompile>
    <ClCompile Include="capture\CapAudio.cpp">
      <Filter>capture</Filter>
    </ClCompile>
    <ClCompile Include="Composition\CompositeView.cpp">
      <Filter>Composition</Filter>
    </ClCompile>
    <ClCompile Include="Composition\Composite.cpp">
      <Filter>Composition</Filter>
    </ClCompile>
    <ClCompile Include="Composition\AVTextureBar.cpp">
      <Filter>Composition</Filter>
    </ClCompile>
    <ClCompile Include="AVTools.cpp">
      <Filter>Source Files</Filter>
    </ClCompile>
    <ClCompile Include="capture\captureScreen.cpp">
      <Filter>capture</Filter>
    </ClCompile>
    <ClCompile Include="Conversion\qvideoconversion.cpp">
      <Filter>Conversion</Filter>
    </ClCompile>
    <ClCompile Include="Conversion\qvideoinfo.cpp">
      <Filter>Conversion</Filter>
    </ClCompile>
    <ClCompile Include="DxAudioPlayer.cpp">
      <Filter>Source Files</Filter>
    </ClCompile>
    <ClCompile Include="player.cpp">
      <Filter>Source Files</Filter>
    </ClCompile>
    <ClCompile Include="VideoEncoder.cpp">
      <Filter>图像编码</Filter>
    </ClCompile>
    <ClCompile Include="VideoDecoder.cpp">
      <Filter>图像解码</Filter>
    </ClCompile>
    <ClCompile Include="Remultiplexer.cpp">
      <Filter>重封装复用器</Filter>
    </ClCompile>
    <ClCompile Include="FilterVideo.cpp">
      <Filter>视频滤镜</Filter>
    </ClCompile>
    <ClCompile Include="Demultiplexer.cpp">
      <Filter>解复用器</Filter>
    </ClCompile>
    <ClCompile Include="AudioDecoder.cpp">
      <Filter>音频解码</Filter>
    </ClCompile>
    <ClCompile Include="AudioEncoder.cpp">
      <Filter>音频编码</Filter>
    </ClCompile>
    <ClCompile Include="Conversion\OptionSelectWnd.cpp">
      <Filter>Conversion</Filter>
    </ClCompile>
  </ItemGroup>
  <ItemGroup>
    <ClInclude Include="Common.h">
      <Filter>Header Files</Filter>
    </ClInclude>
    <ClInclude Include="capture\CRecoder.h">
      <Filter>capture</Filter>
    </ClInclude>
    <ClInclude Include="capture\CapAudio.h">
      <Filter>capture</Filter>
    </ClInclude>
    <ClInclude Include="Composition\Composite.h">
      <Filter>Composition</Filter>
    </ClInclude>
    <ClInclude Include="SafeQueue.h">
      <Filter>Header Files</Filter>
    </ClInclude>
    <ClInclude Include="capture\captureScreen.h">
      <Filter>capture</Filter>
    </ClInclude>
    <ClInclude Include="AVTools.h">
      <Filter>Header Files</Filter>
    </ClInclude>
    <ClInclude Include="DxAudioPlayer.h">
      <Filter>Header Files</Filter>
    </ClInclude>
    <ClInclude Include="player.h">
      <Filter>Header Files</Filter>
    </ClInclude>
    <ClInclude Include="avSync.h">
      <Filter>Header Files</Filter>
    </ClInclude>
    <ClInclude Include="AudioEncoder.h">
      <Filter>音频编码</Filter>
    </ClInclude>
    <ClInclude Include="AudioDecoder.h">
      <Filter>音频解码</Filter>
    </ClInclude>
    <ClInclude Include="Demultiplexer.h">
      <Filter>解复用器</Filter>
    </ClInclude>
    <ClInclude Include="FilterVideo.h">
      <Filter>视频滤镜</Filter>
    </ClInclude>
    <ClInclude Include="Remultiplexer.h">
      <Filter>重封装复用器</Filter>
    </ClInclude>
    <ClInclude Include="VideoDecoder.h">
      <Filter>图像解码</Filter>
    </ClInclude>
    <ClInclude Include="VideoEncoder.h">
      <Filter>图像编码</Filter>
    </ClInclude>
  </ItemGroup>
  <ItemGroup>
    <QtMoc Include="AVMainWnd.h">
      <Filter>Header Files</Filter>
    </QtMoc>
    <QtMoc Include="capture\hlcapture.h">
      <Filter>capture</Filter>
    </QtMoc>
    <QtMoc Include="capture\CaptureViewWidget.h">
      <Filter>capture</Filter>
    </QtMoc>
    <QtMoc Include="Composition\CompositeView.h">
      <Filter>Composition</Filter>
    </QtMoc>
    <QtMoc Include="Composition\AVTextureBar.h">
      <Filter>Composition</Filter>
    </QtMoc>
    <QtMoc Include="Conversion\qvideoconversion.h">
      <Filter>Conversion</Filter>
    </QtMoc>
    <QtMoc Include="Conversion\qvideoinfo.h">
      <Filter>Conversion</Filter>
    </QtMoc>
    <QtMoc Include="Conversion\OptionSelectWnd.h">
      <Filter>Conversion</Filter>
    </QtMoc>
  </ItemGroup>
  <ItemGroup>
    <QtUic Include="AVMainWnd.ui">
      <Filter>Form Files</Filter>
    </QtUic>
    <QtUic Include="capture\hlcapture.ui">
      <Filter>capture</Filter>
    </QtUic>
    <QtUic Include="Composition\CompositeView.ui">
      <Filter>Composition</Filter>
    </QtUic>
    <QtUic Include="Conversion\qvideoconversion.ui">
      <Filter>Conversion</Filter>
    </QtUic>
    <QtUic Include="Conversion\qvideoinfo.ui">
      <Filter>Conversion</Filter>
    </QtUic>
    <QtUic Include="Conversion\optionSelect.ui">
      <Filter>Conversion</Filter>
    </QtUic>
  </ItemGroup>
</Project>